// !$*UTF8*$!
{
	archiveVersion = 1;
	classes = {
	};
	objectVersion = 50;
	objects = {

/* Begin PBXBuildFile section */
		7047F751216D24B4008C9753 /* AppDelegate.swift in Sources */ = {isa = PBXBuildFile; fileRef = 7047F750216D24B4008C9753 /* AppDelegate.swift */; };
		7047F753216D24B4008C9753 /* ViewController.swift in Sources */ = {isa = PBXBuildFile; fileRef = 7047F752216D24B4008C9753 /* ViewController.swift */; };
		7047F756216D24B4008C9753 /* Main.storyboard in Resources */ = {isa = PBXBuildFile; fileRef = 7047F754216D24B4008C9753 /* Main.storyboard */; };
		7047F758216D24B5008C9753 /* Assets.xcassets in Resources */ = {isa = PBXBuildFile; fileRef = 7047F757216D24B5008C9753 /* Assets.xcassets */; };
		7047F75B216D24B5008C9753 /* LaunchScreen.storyboard in Resources */ = {isa = PBXBuildFile; fileRef = 7047F759216D24B5008C9753 /* LaunchScreen.storyboard */; };
		7047F766216D24B5008C9753 /* PA5_CarpetSeaTests.swift in Sources */ = {isa = PBXBuildFile; fileRef = 7047F765216D24B5008C9753 /* PA5_CarpetSeaTests.swift */; };
		7047F771216D24B5008C9753 /* PA5_CarpetSeaUITests.swift in Sources */ = {isa = PBXBuildFile; fileRef = 7047F770216D24B5008C9753 /* PA5_CarpetSeaUITests.swift */; };
		7047F77F216D253E008C9753 /* Cell.swift in Sources */ = {isa = PBXBuildFile; fileRef = 7047F77E216D253E008C9753 /* Cell.swift */; };
		7047F781216D262A008C9753 /* CarpetSea.swift in Sources */ = {isa = PBXBuildFile; fileRef = 7047F780216D262A008C9753 /* CarpetSea.swift */; };
/* End PBXBuildFile section */

/* Begin PBXContainerItemProxy section */
		7047F762216D24B5008C9753 /* PBXContainerItemProxy */ = {
			isa = PBXContainerItemProxy;
			containerPortal = 7047F745216D24B4008C9753 /* Project object */;
			proxyType = 1;
			remoteGlobalIDString = 7047F74C216D24B4008C9753;
			remoteInfo = "PA5-CarpetSea";
		};
		7047F76D216D24B5008C9753 /* PBXContainerItemProxy */ = {
			isa = PBXContainerItemProxy;
			containerPortal = 7047F745216D24B4008C9753 /* Project object */;
			proxyType = 1;
			remoteGlobalIDString = 7047F74C216D24B4008C9753;
			remoteInfo = "PA5-CarpetSea";
		};
/* End PBXContainerItemProxy section */

/* Begin PBXFileReference section */
		7047F74D216D24B4008C9753 /* PA5-CarpetSea.app */ = {isa = PBXFileReference; explicitFileType = wrapper.application; includeInIndex = 0; path = "PA5-CarpetSea.app"; sourceTree = BUILT_PRODUCTS_DIR; };
		7047F750216D24B4008C9753 /* AppDelegate.swift */ = {isa = PBXFileReference; lastKnownFileType = sourcecode.swift; path = AppDelegate.swift; sourceTree = "<group>"; };
		7047F752216D24B4008C9753 /* ViewController.swift */ = {isa = PBXFileReference; lastKnownFileType = sourcecode.swift; path = ViewController.swift; sourceTree = "<group>"; };
		7047F755216D24B4008C9753 /* Base */ = {isa = PBXFileReference; lastKnownFileType = file.storyboard; name = Base; path = Base.lproj/Main.storyboard; sourceTree = "<group>"; };
		7047F757216D24B5008C9753 /* Assets.xcassets */ = {isa = PBXFileReference; lastKnownFileType = folder.assetcatalog; path = Assets.xcassets; sourceTree = "<group>"; };
		7047F75A216D24B5008C9753 /* Base */ = {isa = PBXFileReference; lastKnownFileType = file.storyboard; name = Base; path = Base.lproj/LaunchScreen.storyboard; sourceTree = "<group>"; };
		7047F75C216D24B5008C9753 /* Info.plist */ = {isa = PBXFileReference; lastKnownFileType = text.plist.xml; path = Info.plist; sourceTree = "<group>"; };
		7047F761216D24B5008C9753 /* PA5-CarpetSeaTests.xctest */ = {isa = PBXFileReference; explicitFileType = wrapper.cfbundle; includeInIndex = 0; path = "PA5-CarpetSeaTests.xctest"; sourceTree = BUILT_PRODUCTS_DIR; };
		7047F765216D24B5008C9753 /* PA5_CarpetSeaTests.swift */ = {isa = PBXFileReference; lastKnownFileType = sourcecode.swift; path = PA5_CarpetSeaTests.swift; sourceTree = "<group>"; };
		7047F767216D24B5008C9753 /* Info.plist */ = {isa = PBXFileReference; lastKnownFileType = text.plist.xml; path = Info.plist; sourceTree = "<group>"; };
		7047F76C216D24B5008C9753 /* PA5-CarpetSeaUITests.xctest */ = {isa = PBXFileReference; explicitFileType = wrapper.cfbundle; includeInIndex = 0; path = "PA5-CarpetSeaUITests.xctest"; sourceTree = BUILT_PRODUCTS_DIR; };
		7047F770216D24B5008C9753 /* PA5_CarpetSeaUITests.swift */ = {isa = PBXFileReference; lastKnownFileType = sourcecode.swift; path = PA5_CarpetSeaUITests.swift; sourceTree = "<group>"; };
		7047F772216D24B5008C9753 /* Info.plist */ = {isa = PBXFileReference; lastKnownFileType = text.plist.xml; path = Info.plist; sourceTree = "<group>"; };
		7047F77E216D253E008C9753 /* Cell.swift */ = {isa = PBXFileReference; lastKnownFileType = sourcecode.swift; path = Cell.swift; sourceTree = "<group>"; };
		7047F780216D262A008C9753 /* CarpetSea.swift */ = {isa = PBXFileReference; lastKnownFileType = sourcecode.swift; path = CarpetSea.swift; sourceTree = "<group>"; };
/* End PBXFileReference section */

/* Begin PBXFrameworksBuildPhase section */
		7047F74A216D24B4008C9753 /* Frameworks */ = {
			isa = PBXFrameworksBuildPhase;
			buildActionMask = 2147483647;
			files = (
			);
			runOnlyForDeploymentPostprocessing = 0;
		};
		7047F75E216D24B5008C9753 /* Frameworks */ = {
			isa = PBXFrameworksBuildPhase;
			buildActionMask = 2147483647;
			files = (
			);
			runOnlyForDeploymentPostprocessing = 0;
		};
		7047F769216D24B5008C9753 /* Frameworks */ = {
			isa = PBXFrameworksBuildPhase;
			buildActionMask = 2147483647;
			files = (
			);
			runOnlyForDeploymentPostprocessing = 0;
		};
/* End PBXFrameworksBuildPhase section */

/* Begin PBXGroup section */
		7047F744216D24B4008C9753 = {
			isa = PBXGroup;
			children = (
				7047F74F216D24B4008C9753 /* PA5-CarpetSea */,
				7047F764216D24B5008C9753 /* PA5-CarpetSeaTests */,
				7047F76F216D24B5008C9753 /* PA5-CarpetSeaUITests */,
				7047F74E216D24B4008C9753 /* Products */,
			);
			sourceTree = "<group>";
		};
		7047F74E216D24B4008C9753 /* Products */ = {
			isa = PBXGroup;
			children = (
				7047F74D216D24B4008C9753 /* PA5-CarpetSea.app */,
				7047F761216D24B5008C9753 /* PA5-CarpetSeaTests.xctest */,
				7047F76C216D24B5008C9753 /* PA5-CarpetSeaUITests.xctest */,
			);
			name = Products;
			sourceTree = "<group>";
		};
		7047F74F216D24B4008C9753 /* PA5-CarpetSea */ = {
			isa = PBXGroup;
			children = (
				7047F750216D24B4008C9753 /* AppDelegate.swift */,
				7047F752216D24B4008C9753 /* ViewController.swift */,
				7047F77E216D253E008C9753 /* Cell.swift */,
				7047F780216D262A008C9753 /* CarpetSea.swift */,
				7047F754216D24B4008C9753 /* Main.storyboard */,
				7047F757216D24B5008C9753 /* Assets.xcassets */,
				7047F759216D24B5008C9753 /* LaunchScreen.storyboard */,
				7047F75C216D24B5008C9753 /* Info.plist */,
			);
			path = "PA5-CarpetSea";
			sourceTree = "<group>";
		};
		7047F764216D24B5008C9753 /* PA5-CarpetSeaTests */ = {
			isa = PBXGroup;
			children = (
				7047F765216D24B5008C9753 /* PA5_CarpetSeaTests.swift */,
				7047F767216D24B5008C9753 /* Info.plist */,
			);
			path = "PA5-CarpetSeaTests";
			sourceTree = "<group>";
		};
		7047F76F216D24B5008C9753 /* PA5-CarpetSeaUITests */ = {
			isa = PBXGroup;
			children = (
				7047F770216D24B5008C9753 /* PA5_CarpetSeaUITests.swift */,
				7047F772216D24B5008C9753 /* Info.plist */,
			);
			path = "PA5-CarpetSeaUITests";
			sourceTree = "<group>";
		};
/* End PBXGroup section */

/* Begin PBXNativeTarget section */
		7047F74C216D24B4008C9753 /* PA5-CarpetSea */ = {
			isa = PBXNativeTarget;
			buildConfigurationList = 7047F775216D24B5008C9753 /* Build configuration list for PBXNativeTarget "PA5-CarpetSea" */;
			buildPhases = (
				7047F749216D24B4008C9753 /* Sources */,
				7047F74A216D24B4008C9753 /* Frameworks */,
				7047F74B216D24B4008C9753 /* Resources */,
			);
			buildRules = (
			);
			dependencies = (
			);
			name = "PA5-CarpetSea";
			productName = "PA5-CarpetSea";
			productReference = 7047F74D216D24B4008C9753 /* PA5-CarpetSea.app */;
			productType = "com.apple.product-type.application";
		};
		7047F760216D24B5008C9753 /* PA5-CarpetSeaTests */ = {
			isa = PBXNativeTarget;
			buildConfigurationList = 7047F778216D24B5008C9753 /* Build configuration list for PBXNativeTarget "PA5-CarpetSeaTests" */;
			buildPhases = (
				7047F75D216D24B5008C9753 /* Sources */,
				7047F75E216D24B5008C9753 /* Frameworks */,
				7047F75F216D24B5008C9753 /* Resources */,
			);
			buildRules = (
			);
			dependencies = (
				7047F763216D24B5008C9753 /* PBXTargetDependency */,
			);
			name = "PA5-CarpetSeaTests";
			productName = "PA5-CarpetSeaTests";
			productReference = 7047F761216D24B5008C9753 /* PA5-CarpetSeaTests.xctest */;
			productType = "com.apple.product-type.bundle.unit-test";
		};
		7047F76B216D24B5008C9753 /* PA5-CarpetSeaUITests */ = {
			isa = PBXNativeTarget;
			buildConfigurationList = 7047F77B216D24B5008C9753 /* Build configuration list for PBXNativeTarget "PA5-CarpetSeaUITests" */;
			buildPhases = (
				7047F768216D24B5008C9753 /* Sources */,
				7047F769216D24B5008C9753 /* Frameworks */,
				7047F76A216D24B5008C9753 /* Resources */,
			);
			buildRules = (
			);
			dependencies = (
				7047F76E216D24B5008C9753 /* PBXTargetDependency */,
			);
			name = "PA5-CarpetSeaUITests";
			productName = "PA5-CarpetSeaUITests";
			productReference = 7047F76C216D24B5008C9753 /* PA5-CarpetSeaUITests.xctest */;
			productType = "com.apple.product-type.bundle.ui-testing";
		};
/* End PBXNativeTarget section */

/* Begin PBXProject section */
		7047F745216D24B4008C9753 /* Project object */ = {
			isa = PBXProject;
			attributes = {
				LastSwiftUpdateCheck = 1000;
				LastUpgradeCheck = 1000;
				ORGANIZATIONNAME = "Norman, Claire Noel";
				TargetAttributes = {
					7047F74C216D24B4008C9753 = {
						CreatedOnToolsVersion = 10.0;
					};
					7047F760216D24B5008C9753 = {
						CreatedOnToolsVersion = 10.0;
						TestTargetID = 7047F74C216D24B4008C9753;
					};
					7047F76B216D24B5008C9753 = {
						CreatedOnToolsVersion = 10.0;
						TestTargetID = 7047F74C216D24B4008C9753;
					};
				};
			};
			buildConfigurationList = 7047F748216D24B4008C9753 /* Build configuration list for PBXProject "PA5-CarpetSea" */;
			compatibilityVersion = "Xcode 9.3";
			developmentRegion = en;
			hasScannedForEncodings = 0;
			knownRegions = (
				en,
				Base,
			);
			mainGroup = 7047F744216D24B4008C9753;
			productRefGroup = 7047F74E216D24B4008C9753 /* Products */;
			projectDirPath = "";
			projectRoot = "";
			targets = (
				7047F74C216D24B4008C9753 /* PA5-CarpetSea */,
				7047F760216D24B5008C9753 /* PA5-CarpetSeaTests */,
				7047F76B216D24B5008C9753 /* PA5-CarpetSeaUITests */,
			);
		};
/* End PBXProject section */

/* Begin PBXResourcesBuildPhase section */
		7047F74B216D24B4008C9753 /* Resources */ = {
			isa = PBXResourcesBuildPhase;
			buildActionMask = 2147483647;
			files = (
				7047F75B216D24B5008C9753 /* LaunchScreen.storyboard in Resources */,
				7047F758216D24B5008C9753 /* Assets.xcassets in Resources */,
				7047F756216D24B4008C9753 /* Main.storyboard in Resources */,
			);
			runOnlyForDeploymentPostprocessing = 0;
		};
		7047F75F216D24B5008C9753 /* Resources */ = {
			isa = PBXResourcesBuildPhase;
			buildActionMask = 2147483647;
			files = (
			);
			runOnlyForDeploymentPostprocessing = 0;
		};
		7047F76A216D24B5008C9753 /* Resources */ = {
			isa = PBXResourcesBuildPhase;
			buildActionMask = 2147483647;
			files = (
			);
			runOnlyForDeploymentPostprocessing = 0;
		};
/* End PBXResourcesBuildPhase section */

/* Begin PBXSourcesBuildPhase section */
		7047F749216D24B4008C9753 /* Sources */ = {
			isa = PBXSourcesBuildPhase;
			buildActionMask = 2147483647;
			files = (
				7047F753216D24B4008C9753 /* ViewController.swift in Sources */,
				7047F751216D24B4008C9753 /* AppDelegate.swift in Sources */,
				7047F781216D262A008C9753 /* CarpetSea.swift in Sources */,
				7047F77F216D253E008C9753 /* Cell.swift in Sources */,
			);
			runOnlyForDeploymentPostprocessing = 0;
		};
		7047F75D216D24B5008C9753 /* Sources */ = {
			isa = PBXSourcesBuildPhase;
			buildActionMask = 2147483647;
			files = (
				7047F766216D24B5008C9753 /* PA5_CarpetSeaTests.swift in Sources */,
			);
			runOnlyForDeploymentPostprocessing = 0;
		};
		7047F768216D24B5008C9753 /* Sources */ = {
			isa = PBXSourcesBuildPhase;
			buildActionMask = 2147483647;
			files = (
				7047F771216D24B5008C9753 /* PA5_CarpetSeaUITests.swift in Sources */,
			);
			runOnlyForDeploymentPostprocessing = 0;
		};
/* End PBXSourcesBuildPhase section */

/* Begin PBXTargetDependency section */
		7047F763216D24B5008C9753 /* PBXTargetDependency */ = {
			isa = PBXTargetDependency;
			target = 7047F74C216D24B4008C9753 /* PA5-CarpetSea */;
			targetProxy = 7047F762216D24B5008C9753 /* PBXContainerItemProxy */;
		};
		7047F76E216D24B5008C9753 /* PBXTargetDependency */ = {
			isa = PBXTargetDependency;
			target = 7047F74C216D24B4008C9753 /* PA5-CarpetSea */;
			targetProxy = 7047F76D216D24B5008C9753 /* PBXContainerItemProxy */;
		};
/* End PBXTargetDependency section */

/* Begin PBXVariantGroup section */
		7047F754216D24B4008C9753 /* Main.storyboard */ = {
			isa = PBXVariantGroup;
			children = (
				7047F755216D24B4008C9753 /* Base */,
			);
			name = Main.storyboard;
			sourceTree = "<group>";
		};
		7047F759216D24B5008C9753 /* LaunchScreen.storyboard */ = {
			isa = PBXVariantGroup;
			children = (
				7047F75A216D24B5008C9753 /* Base */,
			);
			name = LaunchScreen.storyboard;
			sourceTree = "<group>";
		};
/* End PBXVariantGroup section */

/* Begin XCBuildConfiguration section */
		7047F773216D24B5008C9753 /* Debug */ = {
			isa = XCBuildConfiguration;
			buildSettings = {
				ALWAYS_SEARCH_USER_PATHS = NO;
				CLANG_ANALYZER_NONNULL = YES;
				CLANG_ANALYZER_NUMBER_OBJECT_CONVERSION = YES_AGGRESSIVE;
				CLANG_CXX_LANGUAGE_STANDARD = "gnu++14";
				CLANG_CXX_LIBRARY = "libc++";
				CLANG_ENABLE_MODULES = YES;
				CLANG_ENABLE_OBJC_ARC = YES;
				CLANG_ENABLE_OBJC_WEAK = YES;
				CLANG_WARN_BLOCK_CAPTURE_AUTORELEASING = YES;
				CLANG_WARN_BOOL_CONVERSION = YES;
				CLANG_WARN_COMMA = YES;
				CLANG_WARN_CONSTANT_CONVERSION = YES;
				CLANG_WARN_DEPRECATED_OBJC_IMPLEMENTATIONS = YES;
				CLANG_WARN_DIRECT_OBJC_ISA_USAGE = YES_ERROR;
				CLANG_WARN_DOCUMENTATION_COMMENTS = YES;
				CLANG_WARN_EMPTY_BODY = YES;
				CLANG_WARN_ENUM_CONVERSION = YES;
				CLANG_WARN_INFINITE_RECURSION = YES;
				CLANG_WARN_INT_CONVERSION = YES;
				CLANG_WARN_NON_LITERAL_NULL_CONVERSION = YES;
				CLANG_WARN_OBJC_IMPLICIT_RETAIN_SELF = YES;
				CLANG_WARN_OBJC_LITERAL_CONVERSION = YES;
				CLANG_WARN_OBJC_ROOT_CLASS = YES_ERROR;
				CLANG_WARN_RANGE_LOOP_ANALYSIS = YES;
				CLANG_WARN_STRICT_PROTOTYPES = YES;
				CLANG_WARN_SUSPICIOUS_MOVE = YES;
				CLANG_WARN_UNGUARDED_AVAILABILITY = YES_AGGRESSIVE;
				CLANG_WARN_UNREACHABLE_CODE = YES;
				CLANG_WARN__DUPLICATE_METHOD_MATCH = YES;
				CODE_SIGN_IDENTITY = "iPhone Developer";
				COPY_PHASE_STRIP = NO;
				DEBUG_INFORMATION_FORMAT = dwarf;
				ENABLE_STRICT_OBJC_MSGSEND = YES;
				ENABLE_TESTABILITY = YES;
				GCC_C_LANGUAGE_STANDARD = gnu11;
				GCC_DYNAMIC_NO_PIC = NO;
				GCC_NO_COMMON_BLOCKS = YES;
				GCC_OPTIMIZATION_LEVEL = 0;
				GCC_PREPROCESSOR_DEFINITIONS = (
					"DEBUG=1",
					"$(inherited)",
				);
				GCC_WARN_64_TO_32_BIT_CONVERSION = YES;
				GCC_WARN_ABOUT_RETURN_TYPE = YES_ERROR;
				GCC_WARN_UNDECLARED_SELECTOR = YES;
				GCC_WARN_UNINITIALIZED_AUTOS = YES_AGGRESSIVE;
				GCC_WARN_UNUSED_FUNCTION = YES;
				GCC_WARN_UNUSED_VARIABLE = YES;
				IPHONEOS_DEPLOYMENT_TARGET = 12.0;
				MTL_ENABLE_DEBUG_INFO = INCLUDE_SOURCE;
				MTL_FAST_MATH = YES;
				ONLY_ACTIVE_ARCH = YES;
				SDKROOT = iphoneos;
				SWIFT_ACTIVE_COMPILATION_CONDITIONS = DEBUG;
				SWIFT_OPTIMIZATION_LEVEL = "-Onone";
			};
			name = Debug;
		};
		7047F774216D24B5008C9753 /* Release */ = {
			isa = XCBuildConfiguration;
			buildSettings = {
				ALWAYS_SEARCH_USER_PATHS = NO;
				CLANG_ANALYZER_NONNULL = YES;
				CLANG_ANALYZER_NUMBER_OBJECT_CONVERSION = YES_AGGRESSIVE;
				CLANG_CXX_LANGUAGE_STANDARD = "gnu++14";
				CLANG_CXX_LIBRARY = "libc++";
				CLANG_ENABLE_MODULES = YES;
				CLANG_ENABLE_OBJC_ARC = YES;
				CLANG_ENABLE_OBJC_WEAK = YES;
				CLANG_WARN_BLOCK_CAPTURE_AUTORELEASING = YES;
				CLANG_WARN_BOOL_CONVERSION = YES;
				CLANG_WARN_COMMA = YES;
				CLANG_WARN_CONSTANT_CONVERSION = YES;
				CLANG_WARN_DEPRECATED_OBJC_IMPLEMENTATIONS = YES;
				CLANG_WARN_DIRECT_OBJC_ISA_USAGE = YES_ERROR;
				CLANG_WARN_DOCUMENTATION_COMMENTS = YES;
				CLANG_WARN_EMPTY_BODY = YES;
				CLANG_WARN_ENUM_CONVERSION = YES;
				CLANG_WARN_INFINITE_RECURSION = YES;
				CLANG_WARN_INT_CONVERSION = YES;
				CLANG_WARN_NON_LITERAL_NULL_CONVERSION = YES;
				CLANG_WARN_OBJC_IMPLICIT_RETAIN_SELF = YES;
				CLANG_WARN_OBJC_LITERAL_CONVERSION = YES;
				CLANG_WARN_OBJC_ROOT_CLASS = YES_ERROR;
				CLANG_WARN_RANGE_LOOP_ANALYSIS = YES;
				CLANG_WARN_STRICT_PROTOTYPES = YES;
				CLANG_WARN_SUSPICIOUS_MOVE = YES;
				CLANG_WARN_UNGUARDED_AVAILABILITY = YES_AGGRESSIVE;
				CLANG_WARN_UNREACHABLE_CODE = YES;
				CLANG_WARN__DUPLICATE_METHOD_MATCH = YES;
				CODE_SIGN_IDENTITY = "iPhone Developer";
				COPY_PHASE_STRIP = NO;
				DEBUG_INFORMATION_FORMAT = "dwarf-with-dsym";
				ENABLE_NS_ASSERTIONS = NO;
				ENABLE_STRICT_OBJC_MSGSEND = YES;
				GCC_C_LANGUAGE_STANDARD = gnu11;
				GCC_NO_COMMON_BLOCKS = YES;
				GCC_WARN_64_TO_32_BIT_CONVERSION = YES;
				GCC_WARN_ABOUT_RETURN_TYPE = YES_ERROR;
				GCC_WARN_UNDECLARED_SELECTOR = YES;
				GCC_WARN_UNINITIALIZED_AUTOS = YES_AGGRESSIVE;
				GCC_WARN_UNUSED_FUNCTION = YES;
				GCC_WARN_UNUSED_VARIABLE = YES;
				IPHONEOS_DEPLOYMENT_TARGET = 12.0;
				MTL_ENABLE_DEBUG_INFO = NO;
				MTL_FAST_MATH = YES;
				SDKROOT = iphoneos;
				SWIFT_COMPILATION_MODE = wholemodule;
				SWIFT_OPTIMIZATION_LEVEL = "-O";
				VALIDATE_PRODUCT = YES;
			};
			name = Release;
		};
		7047F776216D24B5008C9753 /* Debug */ = {
			isa = XCBuildConfiguration;
			buildSettings = {
				ASSETCATALOG_COMPILER_APPICON_NAME = AppIcon;
				CODE_SIGN_STYLE = Automatic;
				INFOPLIST_FILE = "PA5-CarpetSea/Info.plist";
				LD_RUNPATH_SEARCH_PATHS = (
					"$(inherited)",
					"@executable_path/Frameworks",
				);
				PRODUCT_BUNDLE_IDENTIFIER = "com.normanclaire.PA5-CarpetSea";
				PRODUCT_NAME = "$(TARGET_NAME)";
				SWIFT_VERSION = 4.2;
				TARGETED_DEVICE_FAMILY = "1,2";
			};
			name = Debug;
		};
		7047F777216D24B5008C9753 /* Release */ = {
			isa = XCBuildConfiguration;
			buildSettings = {
				ASSETCATALOG_COMPILER_APPICON_NAME = AppIcon;
				CODE_SIGN_STYLE = Automatic;
				INFOPLIST_FILE = "PA5-CarpetSea/Info.plist";
				LD_RUNPATH_SEARCH_PATHS = (
					"$(inherited)",
					"@executable_path/Frameworks",
				);
				PRODUCT_BUNDLE_IDENTIFIER = "com.normanclaire.PA5-CarpetSea";
				PRODUCT_NAME = "$(TARGET_NAME)";
				SWIFT_VERSION = 4.2;
				TARGETED_DEVICE_FAMILY = "1,2";
			};
			name = Release;
		};
		7047F779216D24B5008C9753 /* Debug */ = {
			isa = XCBuildConfiguration;
			buildSettings = {
				ALWAYS_EMBED_SWIFT_STANDARD_LIBRARIES = YES;
				BUNDLE_LOADER = "$(TEST_HOST)";
				CODE_SIGN_STYLE = Automatic;
				INFOPLIST_FILE = "PA5-CarpetSeaTests/Info.plist";
				LD_RUNPATH_SEARCH_PATHS = (
					"$(inherited)",
					"@executable_path/Frameworks",
					"@loader_path/Frameworks",
				);
				PRODUCT_BUNDLE_IDENTIFIER = "com.normanclaire.PA5-CarpetSeaTests";
				PRODUCT_NAME = "$(TARGET_NAME)";
				SWIFT_VERSION = 4.2;
				TARGETED_DEVICE_FAMILY = "1,2";
				TEST_HOST = "$(BUILT_PRODUCTS_DIR)/PA5-CarpetSea.app/PA5-CarpetSea";
			};
			name = Debug;
		};
		7047F77A216D24B5008C9753 /* Release */ = {
			isa = XCBuildConfiguration;
			buildSettings = {
				ALWAYS_EMBED_SWIFT_STANDARD_LIBRARIES = YES;
				BUNDLE_LOADER = "$(TEST_HOST)";
				CODE_SIGN_STYLE = Automatic;
				INFOPLIST_FILE = "PA5-CarpetSeaTests/Info.plist";
				LD_RUNPATH_SEARCH_PATHS = (
					"$(inherited)",
					"@executable_path/Frameworks",
					"@loader_path/Frameworks",
				);
				PRODUCT_BUNDLE_IDENTIFIER = "com.normanclaire.PA5-CarpetSeaTests";
				PRODUCT_NAME = "$(TARGET_NAME)";
				SWIFT_VERSION = 4.2;
				TARGETED_DEVICE_FAMILY = "1,2";
				TEST_HOST = "$(BUILT_PRODUCTS_DIR)/PA5-CarpetSea.app/PA5-CarpetSea";
			};
			name = Release;
		};
		7047F77C216D24B5008C9753 /* Debug */ = {
			isa = XCBuildConfiguration;
			buildSettings = {
				ALWAYS_EMBED_SWIFT_STANDARD_LIBRARIES = YES;
				CODE_SIGN_STYLE = Automatic;
				INFOPLIST_FILE = "PA5-CarpetSeaUITests/Info.plist";
				LD_RUNPATH_SEARCH_PATHS = (
					"$(inherited)",
					"@executable_path/Frameworks",
					"@loader_path/Frameworks",
				);
				PRODUCT_BUNDLE_IDENTIFIER = "com.normanclaire.PA5-CarpetSeaUITests";
				PRODUCT_NAME = "$(TARGET_NAME)";
				SWIFT_VERSION = 4.2;
				TARGETED_DEVICE_FAMILY = "1,2";
				TEST_TARGET_NAME = "PA5-CarpetSea";
			};
			name = Debug;
		};
		7047F77D216D24B5008C9753 /* Release */ = {
			isa = XCBuildConfiguration;
			buildSettings = {
				ALWAYS_EMBED_SWIFT_STANDARD_LIBRARIES = YES;
				CODE_SIGN_STYLE = Automatic;
				INFOPLIST_FILE = "PA5-CarpetSeaUITests/Info.plist";
				LD_RUNPATH_SEARCH_PATHS = (
					"$(inherited)",
					"@executable_path/Frameworks",
					"@loader_path/Frameworks",
				);
				PRODUCT_BUNDLE_IDENTIFIER = "com.normanclaire.PA5-CarpetSeaUITests";
				PRODUCT_NAME = "$(TARGET_NAME)";
				SWIFT_VERSION = 4.2;
				TARGETED_DEVICE_FAMILY = "1,2";
				TEST_TARGET_NAME = "PA5-CarpetSea";
			};
			name = Release;
		};
/* End XCBuildConfiguration section */

/* Begin XCConfigurationList section */
		7047F748216D24B4008C9753 /* Build configuration list for PBXProject "PA5-CarpetSea" */ = {
			isa = XCConfigurationList;
			buildConfigurations = (
				7047F773216D24B5008C9753 /* Debug */,
				7047F774216D24B5008C9753 /* Release */,
			);
			defaultConfigurationIsVisible = 0;
			defaultConfigurationName = Release;
		};
		7047F775216D24B5008C9753 /* Build configuration list for PBXNativeTarget "PA5-CarpetSea" */ = {
			isa = XCConfigurationList;
			buildConfigurations = (
				7047F776216D24B5008C9753 /* Debug */,
				7047F777216D24B5008C9753 /* Release */,
			);
			defaultConfigurationIsVisible = 0;
			defaultConfigurationName = Release;
		};
		7047F778216D24B5008C9753 /* Build configuration list for PBXNativeTarget "PA5-CarpetSeaTests" */ = {
			isa = XCConfigurationList;
			buildConfigurations = (
				7047F779216D24B5008C9753 /* Debug */,
				7047F77A216D24B5008C9753 /* Release */,
			);
			defaultConfigurationIsVisible = 0;
			defaultConfigurationName = Release;
		};
		7047F77B216D24B5008C9753 /* Build configuration list for PBXNativeTarget "PA5-CarpetSeaUITests" */ = {
			isa = XCConfigurationList;
			buildConfigurations = (
				7047F77C216D24B5008C9753 /* Debug */,
				7047F77D216D24B5008C9753 /* Release */,
			);
			defaultConfigurationIsVisible = 0;
			defaultConfigurationName = Release;
		};
/* End XCConfigurationList section */
	};
	rootObject = 7047F745216D24B4008C9753 /* Project object */;
}
